
Microsoft Visual Studio Solution File, Format Version 12.00
# Visual Studio Version 16
VisualStudioVersion = 16.0.29324.140
MinimumVisualStudioVersion = 10.0.40219.1
Project("{FAE04EC0-301F-11D3-BF4B-00C04F79EFBC}") = "Calculator", "Calculator\Calculator.csproj", "{00E17F13-A2A7-4DF9-BF45-D0423DB0EBA8}"
EndProject
Global
	GlobalSection(SolutionConfigurationPlatforms) = preSolution
		Debug|Any CPU = Debug|Any CPU
		Release|Any CPU = Release|Any CPU
	EndGlobalSection
	GlobalSection(ProjectConfigurationPlatforms) = postSolution
		{00E17F13-A2A7-4DF9-BF45-D0423DB0EBA8}.Debug|Any CPU.ActiveCfg = Debug|Any CPU
		{00E17F13-A2A7-4DF9-BF45-D0423DB0EBA8}.Debug|Any CPU.Build.0 = Debug|Any CPU
		{00E17F13-A2A7-4DF9-BF45-D0423DB0EBA8}.Release|Any CPU.ActiveCfg = Release|Any CPU
		{00E17F13-A2A7-4DF9-BF45-D0423DB0EBA8}.Release|Any CPU.Build.0 = Release|Any CPU
	EndGlobalSection
	GlobalSection(SolutionProperties) = preSolution
		HideSolutionNode = FALSE
	EndGlobalSection
	GlobalSection(ExtensibilityGlobals) = postSolution
		SolutionGuid = {FE60D1B7-79EA-436B-9FFC-E0FA68AC2C39}
	EndGlobalSection
EndGlobal
